
Microsoft Visual Studio Solution File, Format Version 12.00
# Visual Studio Version 17
VisualStudioVersion = 17.4.33213.308
MinimumVisualStudioVersion = 10.0.40219.1
Project("{FAE04EC0-301F-11D3-BF4B-00C04F79EFBC}") = "RESTClient", "RESTClient\RESTClient.csproj", "{A72BC918-B07F-4DB0-9A77-EFD3FE75F3AB}"
EndProject
Global
	GlobalSection(SolutionConfigurationPlatforms) = preSolution
		Debug|Any CPU = Debug|Any CPU
		Release|Any CPU = Release|Any CPU
	EndGlobalSection
	GlobalSection(ProjectConfigurationPlatforms) = postSolution
		{A72BC918-B07F-4DB0-9A77-EFD3FE75F3AB}.Debug|Any CPU.ActiveCfg = Debug|Any CPU
		{A72BC918-B07F-4DB0-9A77-EFD3FE75F3AB}.Debug|Any CPU.Build.0 = Debug|Any CPU
		{A72BC918-B07F-4DB0-9A77-EFD3FE75F3AB}.Release|Any CPU.ActiveCfg = Release|Any CPU
		{A72BC918-B07F-4DB0-9A77-EFD3FE75F3AB}.Release|Any CPU.Build.0 = Release|Any CPU
	EndGlobalSection
	GlobalSection(SolutionProperties) = preSolution
		HideSolutionNode = FALSE
	EndGlobalSection
	GlobalSection(ExtensibilityGlobals) = postSolution
		SolutionGuid = {01D8B475-F773-4EE4-80B0-3276556A9A6A}
	EndGlobalSection
EndGlobal
